
Microsoft Visual Studio Solution File, Format Version 12.00
# Visual Studio Version 17
VisualStudioVersion = 17.1.32210.238
MinimumVisualStudioVersion = 10.0.40219.1
Project("{FAE04EC0-301F-11D3-BF4B-00C04F79EFBC}") = "my code", "my code.csproj", "{DA4DB6AC-7935-4139-9793-B893FBDDE760}"
EndProject
Global
	GlobalSection(SolutionConfigurationPlatforms) = preSolution
		Debug|Any CPU = Debug|Any CPU
		Release|Any CPU = Release|Any CPU
	EndGlobalSection
	GlobalSection(ProjectConfigurationPlatforms) = postSolution
		{DA4DB6AC-7935-4139-9793-B893FBDDE760}.Debug|Any CPU.ActiveCfg = Debug|Any CPU
		{DA4DB6AC-7935-4139-9793-B893FBDDE760}.Debug|Any CPU.Build.0 = Debug|Any CPU
		{DA4DB6AC-7935-4139-9793-B893FBDDE760}.Release|Any CPU.ActiveCfg = Release|Any CPU
		{DA4DB6AC-7935-4139-9793-B893FBDDE760}.Release|Any CPU.Build.0 = Release|Any CPU
	EndGlobalSection
	GlobalSection(SolutionProperties) = preSolution
		HideSolutionNode = FALSE
	EndGlobalSection
	GlobalSection(ExtensibilityGlobals) = postSolution
		SolutionGuid = {15502D28-829C-4438-A1E6-7A3298F10909}
	EndGlobalSection
EndGlobal
